
Microsoft Visual Studio Solution File, Format Version 12.00
# Visual Studio Version 17
VisualStudioVersion = 17.8.34525.116
MinimumVisualStudioVersion = 10.0.40219.1
Project("{FAE04EC0-301F-11D3-BF4B-00C04F79EFBC}") = "парикмахерская", "парикмахерская\парикмахерская.csproj", "{F6BE684F-7B6D-448F-9183-9D65C90319D5}"
EndProject
Global
	GlobalSection(SolutionConfigurationPlatforms) = preSolution
		Debug|Any CPU = Debug|Any CPU
		Release|Any CPU = Release|Any CPU
	EndGlobalSection
	GlobalSection(ProjectConfigurationPlatforms) = postSolution
		{F6BE684F-7B6D-448F-9183-9D65C90319D5}.Debug|Any CPU.ActiveCfg = Debug|Any CPU
		{F6BE684F-7B6D-448F-9183-9D65C90319D5}.Debug|Any CPU.Build.0 = Debug|Any CPU
		{F6BE684F-7B6D-448F-9183-9D65C90319D5}.Release|Any CPU.ActiveCfg = Release|Any CPU
		{F6BE684F-7B6D-448F-9183-9D65C90319D5}.Release|Any CPU.Build.0 = Release|Any CPU
	EndGlobalSection
	GlobalSection(SolutionProperties) = preSolution
		HideSolutionNode = FALSE
	EndGlobalSection
	GlobalSection(ExtensibilityGlobals) = postSolution
		SolutionGuid = {AD53F67D-0E92-4780-90BB-5DF1711E37E6}
	EndGlobalSection
EndGlobal
